# THIS IS AN AUTOGENERATED FILE. DO NOT EDIT THIS FILE DIRECTLY.
# yarn lockfile v1


commander@~2.11.0:
  version "2.11.0"
  resolved "https://registry.yarnpkg.com/commander/-/commander-2.11.0.tgz#157152fd1e7a6c8d98a5b715cf376df928004563"

source-map@~0.5.1:
  version "0.5.6"
  resolved "https://registry.yarnpkg.com/source-map/-/source-map-0.5.6.tgz#75ce38f52bf0733c5a7f0c118d81334a2bb5f412"

uglify-js@^3.0.26:
  version "3.0.26"
  resolved "https://registry.yarnpkg.com/uglify-js/-/uglify-js-3.0.26.tgz#ba279ca597b13fe6c62c2d87dd5188e57a7a3233"
  dependencies:
    commander "~2.11.0"
    source-map "~0.5.1"
